
Microsoft Visual Studio Solution File, Format Version 12.00
# Visual Studio Version 17
VisualStudioVersion = 17.14.36603.0
MinimumVisualStudioVersion = 10.0.40219.1
Project("{FAE04EC0-301F-11D3-BF4B-00C04F79EFBC}") = "NovaModel", "NovaModel\NovaModel.csproj", "{BD9B781C-3077-4A3D-9CA0-158CEB163715}"
EndProject
Project("{FAE04EC0-301F-11D3-BF4B-00C04F79EFBC}") = "NovaBusiness", "NovaBusiness\NovaBusiness.csproj", "{C4655723-CAFD-488A-902D-EFBFC50FF3A7}"
EndProject
Project("{FAE04EC0-301F-11D3-BF4B-00C04F79EFBC}") = "NovaData", "NovaData\NovaData.csproj", "{2D7272B3-DC60-4DDF-A0D8-A43C224B3D41}"
EndProject
Project("{FAE04EC0-301F-11D3-BF4B-00C04F79EFBC}") = "NovaUI", "NovaUI\NovaUI.csproj", "{4BBFE731-26C2-4B69-B8C6-F52B85CCDD1B}"
EndProject
Global
	GlobalSection(SolutionConfigurationPlatforms) = preSolution
		Debug|Any CPU = Debug|Any CPU
		Release|Any CPU = Release|Any CPU
	EndGlobalSection
	GlobalSection(ProjectConfigurationPlatforms) = postSolution
		{BD9B781C-3077-4A3D-9CA0-158CEB163715}.Debug|Any CPU.ActiveCfg = Debug|Any CPU
		{BD9B781C-3077-4A3D-9CA0-158CEB163715}.Debug|Any CPU.Build.0 = Debug|Any CPU
		{BD9B781C-3077-4A3D-9CA0-158CEB163715}.Release|Any CPU.ActiveCfg = Release|Any CPU
		{BD9B781C-3077-4A3D-9CA0-158CEB163715}.Release|Any CPU.Build.0 = Release|Any CPU
		{C4655723-CAFD-488A-902D-EFBFC50FF3A7}.Debug|Any CPU.ActiveCfg = Debug|Any CPU
		{C4655723-CAFD-488A-902D-EFBFC50FF3A7}.Debug|Any CPU.Build.0 = Debug|Any CPU
		{C4655723-CAFD-488A-902D-EFBFC50FF3A7}.Release|Any CPU.ActiveCfg = Release|Any CPU
		{C4655723-CAFD-488A-902D-EFBFC50FF3A7}.Release|Any CPU.Build.0 = Release|Any CPU
		{2D7272B3-DC60-4DDF-A0D8-A43C224B3D41}.Debug|Any CPU.ActiveCfg = Debug|Any CPU
		{2D7272B3-DC60-4DDF-A0D8-A43C224B3D41}.Debug|Any CPU.Build.0 = Debug|Any CPU
		{2D7272B3-DC60-4DDF-A0D8-A43C224B3D41}.Release|Any CPU.ActiveCfg = Release|Any CPU
		{2D7272B3-DC60-4DDF-A0D8-A43C224B3D41}.Release|Any CPU.Build.0 = Release|Any CPU
		{4BBFE731-26C2-4B69-B8C6-F52B85CCDD1B}.Debug|Any CPU.ActiveCfg = Debug|Any CPU
		{4BBFE731-26C2-4B69-B8C6-F52B85CCDD1B}.Debug|Any CPU.Build.0 = Debug|Any CPU
		{4BBFE731-26C2-4B69-B8C6-F52B85CCDD1B}.Release|Any CPU.ActiveCfg = Release|Any CPU
		{4BBFE731-26C2-4B69-B8C6-F52B85CCDD1B}.Release|Any CPU.Build.0 = Release|Any CPU
	EndGlobalSection
	GlobalSection(SolutionProperties) = preSolution
		HideSolutionNode = FALSE
	EndGlobalSection
	GlobalSection(ExtensibilityGlobals) = postSolution
		SolutionGuid = {B1E42744-A64A-4B93-AFA5-668E92B4BDB8}
	EndGlobalSection
EndGlobal
